
Microsoft Visual Studio Solution File, Format Version 12.00
# Visual Studio Version 17
VisualStudioVersion = 17.5.33516.290
MinimumVisualStudioVersion = 10.0.40219.1
Project("{FAE04EC0-301F-11D3-BF4B-00C04F79EFBC}") = "ImageTOAsciiConverter", "ImageTOAsciiConverter\ImageTOAsciiConverter.csproj", "{B8AD4949-7320-4349-B3C2-DBDE7E834256}"
EndProject
Global
	GlobalSection(SolutionConfigurationPlatforms) = preSolution
		Debug|Any CPU = Debug|Any CPU
		Release|Any CPU = Release|Any CPU
	EndGlobalSection
	GlobalSection(ProjectConfigurationPlatforms) = postSolution
		{B8AD4949-7320-4349-B3C2-DBDE7E834256}.Debug|Any CPU.ActiveCfg = Debug|Any CPU
		{B8AD4949-7320-4349-B3C2-DBDE7E834256}.Debug|Any CPU.Build.0 = Debug|Any CPU
		{B8AD4949-7320-4349-B3C2-DBDE7E834256}.Release|Any CPU.ActiveCfg = Release|Any CPU
		{B8AD4949-7320-4349-B3C2-DBDE7E834256}.Release|Any CPU.Build.0 = Release|Any CPU
	EndGlobalSection
	GlobalSection(SolutionProperties) = preSolution
		HideSolutionNode = FALSE
	EndGlobalSection
	GlobalSection(ExtensibilityGlobals) = postSolution
		SolutionGuid = {04B38ED5-DFF2-461F-BFAF-659C8EFD8512}
	EndGlobalSection
EndGlobal
